
Microsoft Visual Studio Solution File, Format Version 12.00
# Visual Studio Version 17
VisualStudioVersion = 17.9.34607.119
MinimumVisualStudioVersion = 10.0.40219.1
Project("{FAE04EC0-301F-11D3-BF4B-00C04F79EFBC}") = "mvc", "mvc\mvc.csproj", "{1601D4A1-7BCD-4BCC-9B3E-049B46617C27}"
EndProject
Global
	GlobalSection(SolutionConfigurationPlatforms) = preSolution
		Debug|Any CPU = Debug|Any CPU
		Release|Any CPU = Release|Any CPU
	EndGlobalSection
	GlobalSection(ProjectConfigurationPlatforms) = postSolution
		{1601D4A1-7BCD-4BCC-9B3E-049B46617C27}.Debug|Any CPU.ActiveCfg = Debug|Any CPU
		{1601D4A1-7BCD-4BCC-9B3E-049B46617C27}.Debug|Any CPU.Build.0 = Debug|Any CPU
		{1601D4A1-7BCD-4BCC-9B3E-049B46617C27}.Release|Any CPU.ActiveCfg = Release|Any CPU
		{1601D4A1-7BCD-4BCC-9B3E-049B46617C27}.Release|Any CPU.Build.0 = Release|Any CPU
	EndGlobalSection
	GlobalSection(SolutionProperties) = preSolution
		HideSolutionNode = FALSE
	EndGlobalSection
	GlobalSection(ExtensibilityGlobals) = postSolution
		SolutionGuid = {A3CBEE7E-6EB8-4B8D-BCEB-BF8B2C040401}
	EndGlobalSection
EndGlobal
